{
  "name": "homebridge-dummy-contact",
  "version": "0.3.0",
  "lockfileVersion": 1,
  "requires": true,
  "dependencies": {
    "node-persist": {
      "version": "2.1.0",
      "resolved": "https://registry.npmjs.org/node-persist/-/node-persist-2.1.0.tgz",
      "integrity": "sha1-5lK784haBNrWo1PXQXYXfIORRwc=",
      "requires": {
        "is-absolute": "^0.2.6",
        "mkdirp": "~0.5.1",
        "q": "~1.1.1"
      },
      "dependencies": {
        "is-absolute": {
          "version": "0.2.6",
          "resolved": "https://registry.npmjs.org/is-absolute/-/is-absolute-0.2.6.tgz",
          "integrity": "sha1-IN5p89uULvLYe5wto28XIjWxtes=",
          "requires": {
            "is-relative": "^0.2.1",
            "is-windows": "^0.2.0"
          }
        },
        "is-relative": {
          "version": "0.2.1",
          "resolved": "https://registry.npmjs.org/is-relative/-/is-relative-0.2.1.tgz",
          "integrity": "sha1-0n9MfVFtF1+2ENuEu+7yPDvJeqU=",
          "requires": {
            "is-unc-path": "^0.1.1"
          }
        },
        "is-unc-path": {
          "version": "0.1.2",
          "resolved": "https://registry.npmjs.org/is-unc-path/-/is-unc-path-0.1.2.tgz",
          "integrity": "sha1-arBTpyVzwQJQ/0FqOBTDUXivObk=",
          "requires": {
            "unc-path-regex": "^0.1.0"
          }
        },
        "is-windows": {
          "version": "0.2.0",
          "resolved": "https://registry.npmjs.org/is-windows/-/is-windows-0.2.0.tgz",
          "integrity": "sha1-3hqm1j6indJIc3tp8f+LgALSEIw="
        },
        "minimist": {
          "version": "0.0.8",
          "resolved": "https://registry.npmjs.org/minimist/-/minimist-0.0.8.tgz",
          "integrity": "sha1-hX/Kv8M5fSYluCKCYuhqp6ARsF0="
        },
        "mkdirp": {
          "version": "0.5.1",
          "resolved": "https://registry.npmjs.org/mkdirp/-/mkdirp-0.5.1.tgz",
          "integrity": "sha1-MAV0OOrGz3+MR2fzhkjWaX11yQM=",
          "requires": {
            "minimist": "0.0.8"
          }
        },
        "q": {
          "version": "1.1.2",
          "resolved": "https://registry.npmjs.org/q/-/q-1.1.2.tgz",
          "integrity": "sha1-Y1fikSBnAdmfGXq4TlforRlvKok="
        },
        "unc-path-regex": {
          "version": "0.1.2",
          "resolved": "https://registry.npmjs.org/unc-path-regex/-/unc-path-regex-0.1.2.tgz",
          "integrity": "sha1-5z3T17DXxe2G+6xrCufYxqadUPo="
        }
      }
    }
  }
}
